// !$*UTF8*$!
{
	archiveVersion = 1;
	classes = {
	};
	objectVersion = 46;
	objects = {

/* Begin PBXBuildFile section */
		9444286E18A1E0F80033E026 /* Foundation.framework in Frameworks */ = {isa = PBXBuildFile; fileRef = 9444286D18A1E0F80033E026 /* Foundation.framework */; };
		9444287018A1E0F80033E026 /* CoreGraphics.framework in Frameworks */ = {isa = PBXBuildFile; fileRef = 9444286F18A1E0F80033E026 /* CoreGraphics.framework */; };
		9444287218A1E0F80033E026 /* UIKit.framework in Frameworks */ = {isa = PBXBuildFile; fileRef = 9444287118A1E0F80033E026 /* UIKit.framework */; };
		9444287818A1E0F80033E026 /* InfoPlist.strings in Resources */ = {isa = PBXBuildFile; fileRef = 9444287618A1E0F80033E026 /* InfoPlist.strings */; };
		9444287A18A1E0F80033E026 /* main.m in Sources */ = {isa = PBXBuildFile; fileRef = 9444287918A1E0F80033E026 /* main.m */; };
		9444287E18A1E0F80033E026 /* BPAppDelegate.m in Sources */ = {isa = PBXBuildFile; fileRef = 9444287D18A1E0F80033E026 /* BPAppDelegate.m */; };
		9444288718A1E0F80033E026 /* BPViewController.m in Sources */ = {isa = PBXBuildFile; fileRef = 9444288618A1E0F80033E026 /* BPViewController.m */; };
		9444288918A1E0F80033E026 /* Images.xcassets in Resources */ = {isa = PBXBuildFile; fileRef = 9444288818A1E0F80033E026 /* Images.xcassets */; };
		9444289018A1E0F80033E026 /* XCTest.framework in Frameworks */ = {isa = PBXBuildFile; fileRef = 9444288F18A1E0F80033E026 /* XCTest.framework */; };
		9444289118A1E0F80033E026 /* Foundation.framework in Frameworks */ = {isa = PBXBuildFile; fileRef = 9444286D18A1E0F80033E026 /* Foundation.framework */; };
		9444289218A1E0F80033E026 /* UIKit.framework in Frameworks */ = {isa = PBXBuildFile; fileRef = 9444287118A1E0F80033E026 /* UIKit.framework */; };
		9444289A18A1E0F80033E026 /* InfoPlist.strings in Resources */ = {isa = PBXBuildFile; fileRef = 9444289818A1E0F80033E026 /* InfoPlist.strings */; };
		9444289C18A1E0F80033E026 /* ExampleTests.m in Sources */ = {isa = PBXBuildFile; fileRef = 9444289B18A1E0F80033E026 /* ExampleTests.m */; };
		944428B818A1E3280033E026 /* BPHelpAnnotation.m in Sources */ = {isa = PBXBuildFile; fileRef = 944428A918A1E3280033E026 /* BPHelpAnnotation.m */; };
		944428B918A1E3280033E026 /* BPHelpAnnotationView.m in Sources */ = {isa = PBXBuildFile; fileRef = 944428AB18A1E3280033E026 /* BPHelpAnnotationView.m */; };
		944428BA18A1E3280033E026 /* BPHelpDisclosureAnnotation.m in Sources */ = {isa = PBXBuildFile; fileRef = 944428AD18A1E3280033E026 /* BPHelpDisclosureAnnotation.m */; };
		944428BB18A1E3280033E026 /* BPHelpDisclosureAnnotationView.m in Sources */ = {isa = PBXBuildFile; fileRef = 944428AF18A1E3280033E026 /* BPHelpDisclosureAnnotationView.m */; };
		944428BC18A1E3280033E026 /* BPHelpOverlayView.m in Sources */ = {isa = PBXBuildFile; fileRef = 944428B118A1E3280033E026 /* BPHelpOverlayView.m */; };
		944428BE18A1E3280033E026 /* BPHelpTapAnnotation.m in Sources */ = {isa = PBXBuildFile; fileRef = 944428B518A1E3280033E026 /* BPHelpTapAnnotation.m */; };
		944428BF18A1E3280033E026 /* BPHelpTapAnnotationView.m in Sources */ = {isa = PBXBuildFile; fileRef = 944428B718A1E3280033E026 /* BPHelpTapAnnotationView.m */; };
		944428C418A1E57D0033E026 /* NSObject+BPContextualHelp.m in Sources */ = {isa = PBXBuildFile; fileRef = 944428C318A1E57D0033E026 /* NSObject+BPContextualHelp.m */; };
		944428C718A1E6D30033E026 /* NSArray+BPContextualHelp.m in Sources */ = {isa = PBXBuildFile; fileRef = 944428C618A1E6D30033E026 /* NSArray+BPContextualHelp.m */; };
		944428CC18A1E8280033E026 /* BPContextualHelpViewController.m in Sources */ = {isa = PBXBuildFile; fileRef = 944428C918A1E8280033E026 /* BPContextualHelpViewController.m */; };
		944428CD18A1E8280033E026 /* UIView+BPContextualHelp.m in Sources */ = {isa = PBXBuildFile; fileRef = 944428CB18A1E8280033E026 /* UIView+BPContextualHelp.m */; };
		944428D018A1EBE50033E026 /* NSString+BPContextualHelp.m in Sources */ = {isa = PBXBuildFile; fileRef = 944428CF18A1EBE50033E026 /* NSString+BPContextualHelp.m */; };
		944428D418A2A4040033E026 /* BPContextualHelpArrow.png in Resources */ = {isa = PBXBuildFile; fileRef = 944428D218A2A4040033E026 /* BPContextualHelpArrow.png */; };
		944428D518A2A4040033E026 /* BPContextualHelpArrow@2x.png in Resources */ = {isa = PBXBuildFile; fileRef = 944428D318A2A4040033E026 /* BPContextualHelpArrow@2x.png */; };
/* End PBXBuildFile section */

/* Begin PBXContainerItemProxy section */
		9444289318A1E0F80033E026 /* PBXContainerItemProxy */ = {
			isa = PBXContainerItemProxy;
			containerPortal = 9444286218A1E0F80033E026 /* Project object */;
			proxyType = 1;
			remoteGlobalIDString = 9444286918A1E0F80033E026;
			remoteInfo = Example;
		};
/* End PBXContainerItemProxy section */

/* Begin PBXFileReference section */
		9444286A18A1E0F80033E026 /* Example.app */ = {isa = PBXFileReference; explicitFileType = wrapper.application; includeInIndex = 0; path = Example.app; sourceTree = BUILT_PRODUCTS_DIR; };
		9444286D18A1E0F80033E026 /* Foundation.framework */ = {isa = PBXFileReference; lastKnownFileType = wrapper.framework; name = Foundation.framework; path = System/Library/Frameworks/Foundation.framework; sourceTree = SDKROOT; };
		9444286F18A1E0F80033E026 /* CoreGraphics.framework */ = {isa = PBXFileReference; lastKnownFileType = wrapper.framework; name = CoreGraphics.framework; path = System/Library/Frameworks/CoreGraphics.framework; sourceTree = SDKROOT; };
		9444287118A1E0F80033E026 /* UIKit.framework */ = {isa = PBXFileReference; lastKnownFileType = wrapper.framework; name = UIKit.framework; path = System/Library/Frameworks/UIKit.framework; sourceTree = SDKROOT; };
		9444287518A1E0F80033E026 /* Example-Info.plist */ = {isa = PBXFileReference; lastKnownFileType = text.plist.xml; path = "Example-Info.plist"; sourceTree = "<group>"; };
		9444287718A1E0F80033E026 /* en */ = {isa = PBXFileReference; lastKnownFileType = text.plist.strings; name = en; path = en.lproj/InfoPlist.strings; sourceTree = "<group>"; };
		9444287918A1E0F80033E026 /* main.m */ = {isa = PBXFileReference; lastKnownFileType = sourcecode.c.objc; path = main.m; sourceTree = "<group>"; };
		9444287B18A1E0F80033E026 /* Example-Prefix.pch */ = {isa = PBXFileReference; lastKnownFileType = sourcecode.c.h; path = "Example-Prefix.pch"; sourceTree = "<group>"; };
		9444287C18A1E0F80033E026 /* BPAppDelegate.h */ = {isa = PBXFileReference; lastKnownFileType = sourcecode.c.h; path = BPAppDelegate.h; sourceTree = "<group>"; };
		9444287D18A1E0F80033E026 /* BPAppDelegate.m */ = {isa = PBXFileReference; lastKnownFileType = sourcecode.c.objc; path = BPAppDelegate.m; sourceTree = "<group>"; };
		9444288518A1E0F80033E026 /* BPViewController.h */ = {isa = PBXFileReference; lastKnownFileType = sourcecode.c.h; path = BPViewController.h; sourceTree = "<group>"; };
		9444288618A1E0F80033E026 /* BPViewController.m */ = {isa = PBXFileReference; lastKnownFileType = sourcecode.c.objc; path = BPViewController.m; sourceTree = "<group>"; };
		9444288818A1E0F80033E026 /* Images.xcassets */ = {isa = PBXFileReference; lastKnownFileType = folder.assetcatalog; path = Images.xcassets; sourceTree = "<group>"; };
		9444288E18A1E0F80033E026 /* ExampleTests.xctest */ = {isa = PBXFileReference; explicitFileType = wrapper.cfbundle; includeInIndex = 0; path = ExampleTests.xctest; sourceTree = BUILT_PRODUCTS_DIR; };
		9444288F18A1E0F80033E026 /* XCTest.framework */ = {isa = PBXFileReference; lastKnownFileType = wrapper.framework; name = XCTest.framework; path = Library/Frameworks/XCTest.framework; sourceTree = DEVELOPER_DIR; };
		9444289718A1E0F80033E026 /* ExampleTests-Info.plist */ = {isa = PBXFileReference; lastKnownFileType = text.plist.xml; path = "ExampleTests-Info.plist"; sourceTree = "<group>"; };
		9444289918A1E0F80033E026 /* en */ = {isa = PBXFileReference; lastKnownFileType = text.plist.strings; name = en; path = en.lproj/InfoPlist.strings; sourceTree = "<group>"; };
		9444289B18A1E0F80033E026 /* ExampleTests.m */ = {isa = PBXFileReference; lastKnownFileType = sourcecode.c.objc; path = ExampleTests.m; sourceTree = "<group>"; };
		944428A718A1E3280033E026 /* BPContextualHelp.h */ = {isa = PBXFileReference; fileEncoding = 4; lastKnownFileType = sourcecode.c.h; path = BPContextualHelp.h; sourceTree = "<group>"; };
		944428A818A1E3280033E026 /* BPHelpAnnotation.h */ = {isa = PBXFileReference; fileEncoding = 4; lastKnownFileType = sourcecode.c.h; path = BPHelpAnnotation.h; sourceTree = "<group>"; };
		944428A918A1E3280033E026 /* BPHelpAnnotation.m */ = {isa = PBXFileReference; fileEncoding = 4; lastKnownFileType = sourcecode.c.objc; path = BPHelpAnnotation.m; sourceTree = "<group>"; };
		944428AA18A1E3280033E026 /* BPHelpAnnotationView.h */ = {isa = PBXFileReference; fileEncoding = 4; lastKnownFileType = sourcecode.c.h; path = BPHelpAnnotationView.h; sourceTree = "<group>"; };
		944428AB18A1E3280033E026 /* BPHelpAnnotationView.m */ = {isa = PBXFileReference; fileEncoding = 4; lastKnownFileType = sourcecode.c.objc; path = BPHelpAnnotationView.m; sourceTree = "<group>"; };
		944428AC18A1E3280033E026 /* BPHelpDisclosureAnnotation.h */ = {isa = PBXFileReference; fileEncoding = 4; lastKnownFileType = sourcecode.c.h; path = BPHelpDisclosureAnnotation.h; sourceTree = "<group>"; };
		944428AD18A1E3280033E026 /* BPHelpDisclosureAnnotation.m */ = {isa = PBXFileReference; fileEncoding = 4; lastKnownFileType = sourcecode.c.objc; path = BPHelpDisclosureAnnotation.m; sourceTree = "<group>"; };
		944428AE18A1E3280033E026 /* BPHelpDisclosureAnnotationView.h */ = {isa = PBXFileReference; fileEncoding = 4; lastKnownFileType = sourcecode.c.h; path = BPHelpDisclosureAnnotationView.h; sourceTree = "<group>"; };
		944428AF18A1E3280033E026 /* BPHelpDisclosureAnnotationView.m */ = {isa = PBXFileReference; fileEncoding = 4; lastKnownFileType = sourcecode.c.objc; path = BPHelpDisclosureAnnotationView.m; sourceTree = "<group>"; };
		944428B018A1E3280033E026 /* BPHelpOverlayView.h */ = {isa = PBXFileReference; fileEncoding = 4; lastKnownFileType = sourcecode.c.h; path = BPHelpOverlayView.h; sourceTree = "<group>"; };
		944428B118A1E3280033E026 /* BPHelpOverlayView.m */ = {isa = PBXFileReference; fileEncoding = 4; lastKnownFileType = sourcecode.c.objc; path = BPHelpOverlayView.m; sourceTree = "<group>"; };
		944428B418A1E3280033E026 /* BPHelpTapAnnotation.h */ = {isa = PBXFileReference; fileEncoding = 4; lastKnownFileType = sourcecode.c.h; path = BPHelpTapAnnotation.h; sourceTree = "<group>"; };
		944428B518A1E3280033E026 /* BPHelpTapAnnotation.m */ = {isa = PBXFileReference; fileEncoding = 4; lastKnownFileType = sourcecode.c.objc; path = BPHelpTapAnnotation.m; sourceTree = "<group>"; };
		944428B618A1E3280033E026 /* BPHelpTapAnnotationView.h */ = {isa = PBXFileReference; fileEncoding = 4; lastKnownFileType = sourcecode.c.h; path = BPHelpTapAnnotationView.h; sourceTree = "<group>"; };
		944428B718A1E3280033E026 /* BPHelpTapAnnotationView.m */ = {isa = PBXFileReference; fileEncoding = 4; lastKnownFileType = sourcecode.c.objc; path = BPHelpTapAnnotationView.m; sourceTree = "<group>"; };
		944428C218A1E57D0033E026 /* NSObject+BPContextualHelp.h */ = {isa = PBXFileReference; fileEncoding = 4; lastKnownFileType = sourcecode.c.h; path = "NSObject+BPContextualHelp.h"; sourceTree = "<group>"; };
		944428C318A1E57D0033E026 /* NSObject+BPContextualHelp.m */ = {isa = PBXFileReference; fileEncoding = 4; lastKnownFileType = sourcecode.c.objc; path = "NSObject+BPContextualHelp.m"; sourceTree = "<group>"; };
		944428C518A1E6D30033E026 /* NSArray+BPContextualHelp.h */ = {isa = PBXFileReference; fileEncoding = 4; lastKnownFileType = sourcecode.c.h; path = "NSArray+BPContextualHelp.h"; sourceTree = "<group>"; };
		944428C618A1E6D30033E026 /* NSArray+BPContextualHelp.m */ = {isa = PBXFileReference; fileEncoding = 4; lastKnownFileType = sourcecode.c.objc; path = "NSArray+BPContextualHelp.m"; sourceTree = "<group>"; };
		944428C818A1E8280033E026 /* BPContextualHelpViewController.h */ = {isa = PBXFileReference; fileEncoding = 4; lastKnownFileType = sourcecode.c.h; path = BPContextualHelpViewController.h; sourceTree = "<group>"; };
		944428C918A1E8280033E026 /* BPContextualHelpViewController.m */ = {isa = PBXFileReference; fileEncoding = 4; lastKnownFileType = sourcecode.c.objc; path = BPContextualHelpViewController.m; sourceTree = "<group>"; };
		944428CA18A1E8280033E026 /* UIView+BPContextualHelp.h */ = {isa = PBXFileReference; fileEncoding = 4; lastKnownFileType = sourcecode.c.h; path = "UIView+BPContextualHelp.h"; sourceTree = "<group>"; };
		944428CB18A1E8280033E026 /* UIView+BPContextualHelp.m */ = {isa = PBXFileReference; fileEncoding = 4; lastKnownFileType = sourcecode.c.objc; path = "UIView+BPContextualHelp.m"; sourceTree = "<group>"; };
		944428CE18A1EBE50033E026 /* NSString+BPContextualHelp.h */ = {isa = PBXFileReference; fileEncoding = 4; lastKnownFileType = sourcecode.c.h; path = "NSString+BPContextualHelp.h"; sourceTree = "<group>"; };
		944428CF18A1EBE50033E026 /* NSString+BPContextualHelp.m */ = {isa = PBXFileReference; fileEncoding = 4; lastKnownFileType = sourcecode.c.objc; path = "NSString+BPContextualHelp.m"; sourceTree = "<group>"; };
		944428D218A2A4040033E026 /* BPContextualHelpArrow.png */ = {isa = PBXFileReference; lastKnownFileType = image.png; path = BPContextualHelpArrow.png; sourceTree = "<group>"; };
		944428D318A2A4040033E026 /* BPContextualHelpArrow@2x.png */ = {isa = PBXFileReference; lastKnownFileType = image.png; path = "BPContextualHelpArrow@2x.png"; sourceTree = "<group>"; };
		944428D618A2ADA50033E026 /* CoreText.framework */ = {isa = PBXFileReference; lastKnownFileType = wrapper.framework; name = CoreText.framework; path = System/Library/Frameworks/CoreText.framework; sourceTree = SDKROOT; };
/* End PBXFileReference section */

/* Begin PBXFrameworksBuildPhase section */
		9444286718A1E0F80033E026 /* Frameworks */ = {
			isa = PBXFrameworksBuildPhase;
			buildActionMask = 2147483647;
			files = (
				9444287018A1E0F80033E026 /* CoreGraphics.framework in Frameworks */,
				9444287218A1E0F80033E026 /* UIKit.framework in Frameworks */,
				9444286E18A1E0F80033E026 /* Foundation.framework in Frameworks */,
			);
			runOnlyForDeploymentPostprocessing = 0;
		};
		9444288B18A1E0F80033E026 /* Frameworks */ = {
			isa = PBXFrameworksBuildPhase;
			buildActionMask = 2147483647;
			files = (
				9444289018A1E0F80033E026 /* XCTest.framework in Frameworks */,
				9444289218A1E0F80033E026 /* UIKit.framework in Frameworks */,
				9444289118A1E0F80033E026 /* Foundation.framework in Frameworks */,
			);
			runOnlyForDeploymentPostprocessing = 0;
		};
/* End PBXFrameworksBuildPhase section */

/* Begin PBXGroup section */
		9444286118A1E0F80033E026 = {
			isa = PBXGroup;
			children = (
				944428A618A1E3280033E026 /* BPContextualHelp */,
				9444287318A1E0F80033E026 /* Example */,
				9444289518A1E0F80033E026 /* ExampleTests */,
				9444286C18A1E0F80033E026 /* Frameworks */,
				9444286B18A1E0F80033E026 /* Products */,
			);
			sourceTree = "<group>";
		};
		9444286B18A1E0F80033E026 /* Products */ = {
			isa = PBXGroup;
			children = (
				9444286A18A1E0F80033E026 /* Example.app */,
				9444288E18A1E0F80033E026 /* ExampleTests.xctest */,
			);
			name = Products;
			sourceTree = "<group>";
		};
		9444286C18A1E0F80033E026 /* Frameworks */ = {
			isa = PBXGroup;
			children = (
				944428D618A2ADA50033E026 /* CoreText.framework */,
				9444286D18A1E0F80033E026 /* Foundation.framework */,
				9444286F18A1E0F80033E026 /* CoreGraphics.framework */,
				9444287118A1E0F80033E026 /* UIKit.framework */,
				9444288F18A1E0F80033E026 /* XCTest.framework */,
			);
			name = Frameworks;
			sourceTree = "<group>";
		};
		9444287318A1E0F80033E026 /* Example */ = {
			isa = PBXGroup;
			children = (
				9444287C18A1E0F80033E026 /* BPAppDelegate.h */,
				9444287D18A1E0F80033E026 /* BPAppDelegate.m */,
				9444288518A1E0F80033E026 /* BPViewController.h */,
				9444288618A1E0F80033E026 /* BPViewController.m */,
				9444288818A1E0F80033E026 /* Images.xcassets */,
				9444287418A1E0F80033E026 /* Supporting Files */,
			);
			path = Example;
			sourceTree = "<group>";
		};
		9444287418A1E0F80033E026 /* Supporting Files */ = {
			isa = PBXGroup;
			children = (
				9444287518A1E0F80033E026 /* Example-Info.plist */,
				9444287618A1E0F80033E026 /* InfoPlist.strings */,
				9444287918A1E0F80033E026 /* main.m */,
				9444287B18A1E0F80033E026 /* Example-Prefix.pch */,
			);
			name = "Supporting Files";
			sourceTree = "<group>";
		};
		9444289518A1E0F80033E026 /* ExampleTests */ = {
			isa = PBXGroup;
			children = (
				9444289B18A1E0F80033E026 /* ExampleTests.m */,
				9444289618A1E0F80033E026 /* Supporting Files */,
			);
			path = ExampleTests;
			sourceTree = "<group>";
		};
		9444289618A1E0F80033E026 /* Supporting Files */ = {
			isa = PBXGroup;
			children = (
				9444289718A1E0F80033E026 /* ExampleTests-Info.plist */,
				9444289818A1E0F80033E026 /* InfoPlist.strings */,
			);
			name = "Supporting Files";
			sourceTree = "<group>";
		};
		944428A618A1E3280033E026 /* BPContextualHelp */ = {
			isa = PBXGroup;
			children = (
				944428D118A2A4040033E026 /* Images */,
				944428C118A1E55E0033E026 /* Extensions */,
				944428A718A1E3280033E026 /* BPContextualHelp.h */,
				944428A818A1E3280033E026 /* BPHelpAnnotation.h */,
				944428A918A1E3280033E026 /* BPHelpAnnotation.m */,
				944428AA18A1E3280033E026 /* BPHelpAnnotationView.h */,
				944428AB18A1E3280033E026 /* BPHelpAnnotationView.m */,
				944428AC18A1E3280033E026 /* BPHelpDisclosureAnnotation.h */,
				944428AD18A1E3280033E026 /* BPHelpDisclosureAnnotation.m */,
				944428AE18A1E3280033E026 /* BPHelpDisclosureAnnotationView.h */,
				944428AF18A1E3280033E026 /* BPHelpDisclosureAnnotationView.m */,
				944428B018A1E3280033E026 /* BPHelpOverlayView.h */,
				944428B118A1E3280033E026 /* BPHelpOverlayView.m */,
				944428B418A1E3280033E026 /* BPHelpTapAnnotation.h */,
				944428B518A1E3280033E026 /* BPHelpTapAnnotation.m */,
				944428B618A1E3280033E026 /* BPHelpTapAnnotationView.h */,
				944428B718A1E3280033E026 /* BPHelpTapAnnotationView.m */,
			);
			name = BPContextualHelp;
			path = ../BPContextualHelp;
			sourceTree = "<group>";
		};
		944428C118A1E55E0033E026 /* Extensions */ = {
			isa = PBXGroup;
			children = (
				944428C818A1E8280033E026 /* BPContextualHelpViewController.h */,
				944428C918A1E8280033E026 /* BPContextualHelpViewController.m */,
				944428CA18A1E8280033E026 /* UIView+BPContextualHelp.h */,
				944428CB18A1E8280033E026 /* UIView+BPContextualHelp.m */,
				944428C518A1E6D30033E026 /* NSArray+BPContextualHelp.h */,
				944428C618A1E6D30033E026 /* NSArray+BPContextualHelp.m */,
				944428C218A1E57D0033E026 /* NSObject+BPContextualHelp.h */,
				944428C318A1E57D0033E026 /* NSObject+BPContextualHelp.m */,
				944428CE18A1EBE50033E026 /* NSString+BPContextualHelp.h */,
				944428CF18A1EBE50033E026 /* NSString+BPContextualHelp.m */,
			);
			path = Extensions;
			sourceTree = "<group>";
		};
		944428D118A2A4040033E026 /* Images */ = {
			isa = PBXGroup;
			children = (
				944428D218A2A4040033E026 /* BPContextualHelpArrow.png */,
				944428D318A2A4040033E026 /* BPContextualHelpArrow@2x.png */,
			);
			path = Images;
			sourceTree = "<group>";
		};
/* End PBXGroup section */

/* Begin PBXNativeTarget section */
		9444286918A1E0F80033E026 /* Example */ = {
			isa = PBXNativeTarget;
			buildConfigurationList = 9444289F18A1E0F80033E026 /* Build configuration list for PBXNativeTarget "Example" */;
			buildPhases = (
				9444286618A1E0F80033E026 /* Sources */,
				9444286718A1E0F80033E026 /* Frameworks */,
				9444286818A1E0F80033E026 /* Resources */,
			);
			buildRules = (
			);
			dependencies = (
			);
			name = Example;
			productName = Example;
			productReference = 9444286A18A1E0F80033E026 /* Example.app */;
			productType = "com.apple.product-type.application";
		};
		9444288D18A1E0F80033E026 /* ExampleTests */ = {
			isa = PBXNativeTarget;
			buildConfigurationList = 944428A218A1E0F80033E026 /* Build configuration list for PBXNativeTarget "ExampleTests" */;
			buildPhases = (
				9444288A18A1E0F80033E026 /* Sources */,
				9444288B18A1E0F80033E026 /* Frameworks */,
				9444288C18A1E0F80033E026 /* Resources */,
			);
			buildRules = (
			);
			dependencies = (
				9444289418A1E0F80033E026 /* PBXTargetDependency */,
			);
			name = ExampleTests;
			productName = ExampleTests;
			productReference = 9444288E18A1E0F80033E026 /* ExampleTests.xctest */;
			productType = "com.apple.product-type.bundle.unit-test";
		};
/* End PBXNativeTarget section */

/* Begin PBXProject section */
		9444286218A1E0F80033E026 /* Project object */ = {
			isa = PBXProject;
			attributes = {
				CLASSPREFIX = BP;
				LastUpgradeCheck = 0500;
				ORGANIZATIONNAME = "Britton Mobile Development";
				TargetAttributes = {
					9444288D18A1E0F80033E026 = {
						TestTargetID = 9444286918A1E0F80033E026;
					};
				};
			};
			buildConfigurationList = 9444286518A1E0F80033E026 /* Build configuration list for PBXProject "Example" */;
			compatibilityVersion = "Xcode 3.2";
			developmentRegion = English;
			hasScannedForEncodings = 0;
			knownRegions = (
				en,
				Base,
			);
			mainGroup = 9444286118A1E0F80033E026;
			productRefGroup = 9444286B18A1E0F80033E026 /* Products */;
			projectDirPath = "";
			projectRoot = "";
			targets = (
				9444286918A1E0F80033E026 /* Example */,
				9444288D18A1E0F80033E026 /* ExampleTests */,
			);
		};
/* End PBXProject section */

/* Begin PBXResourcesBuildPhase section */
		9444286818A1E0F80033E026 /* Resources */ = {
			isa = PBXResourcesBuildPhase;
			buildActionMask = 2147483647;
			files = (
				9444288918A1E0F80033E026 /* Images.xcassets in Resources */,
				9444287818A1E0F80033E026 /* InfoPlist.strings in Resources */,
				944428D518A2A4040033E026 /* BPContextualHelpArrow@2x.png in Resources */,
				944428D418A2A4040033E026 /* BPContextualHelpArrow.png in Resources */,
			);
			runOnlyForDeploymentPostprocessing = 0;
		};
		9444288C18A1E0F80033E026 /* Resources */ = {
			isa = PBXResourcesBuildPhase;
			buildActionMask = 2147483647;
			files = (
				9444289A18A1E0F80033E026 /* InfoPlist.strings in Resources */,
			);
			runOnlyForDeploymentPostprocessing = 0;
		};
/* End PBXResourcesBuildPhase section */

/* Begin PBXSourcesBuildPhase section */
		9444286618A1E0F80033E026 /* Sources */ = {
			isa = PBXSourcesBuildPhase;
			buildActionMask = 2147483647;
			files = (
				9444288718A1E0F80033E026 /* BPViewController.m in Sources */,
				944428C418A1E57D0033E026 /* NSObject+BPContextualHelp.m in Sources */,
				944428CD18A1E8280033E026 /* UIView+BPContextualHelp.m in Sources */,
				944428BB18A1E3280033E026 /* BPHelpDisclosureAnnotationView.m in Sources */,
				944428CC18A1E8280033E026 /* BPContextualHelpViewController.m in Sources */,
				944428C718A1E6D30033E026 /* NSArray+BPContextualHelp.m in Sources */,
				9444287E18A1E0F80033E026 /* BPAppDelegate.m in Sources */,
				944428D018A1EBE50033E026 /* NSString+BPContextualHelp.m in Sources */,
				944428BA18A1E3280033E026 /* BPHelpDisclosureAnnotation.m in Sources */,
				944428B918A1E3280033E026 /* BPHelpAnnotationView.m in Sources */,
				9444287A18A1E0F80033E026 /* main.m in Sources */,
				944428BC18A1E3280033E026 /* BPHelpOverlayView.m in Sources */,
				944428B818A1E3280033E026 /* BPHelpAnnotation.m in Sources */,
				944428BE18A1E3280033E026 /* BPHelpTapAnnotation.m in Sources */,
				944428BF18A1E3280033E026 /* BPHelpTapAnnotationView.m in Sources */,
			);
			runOnlyForDeploymentPostprocessing = 0;
		};
		9444288A18A1E0F80033E026 /* Sources */ = {
			isa = PBXSourcesBuildPhase;
			buildActionMask = 2147483647;
			files = (
				9444289C18A1E0F80033E026 /* ExampleTests.m in Sources */,
			);
			runOnlyForDeploymentPostprocessing = 0;
		};
/* End PBXSourcesBuildPhase section */

/* Begin PBXTargetDependency section */
		9444289418A1E0F80033E026 /* PBXTargetDependency */ = {
			isa = PBXTargetDependency;
			target = 9444286918A1E0F80033E026 /* Example */;
			targetProxy = 9444289318A1E0F80033E026 /* PBXContainerItemProxy */;
		};
/* End PBXTargetDependency section */

/* Begin PBXVariantGroup section */
		9444287618A1E0F80033E026 /* InfoPlist.strings */ = {
			isa = PBXVariantGroup;
			children = (
				9444287718A1E0F80033E026 /* en */,
			);
			name = InfoPlist.strings;
			sourceTree = "<group>";
		};
		9444289818A1E0F80033E026 /* InfoPlist.strings */ = {
			isa = PBXVariantGroup;
			children = (
				9444289918A1E0F80033E026 /* en */,
			);
			name = InfoPlist.strings;
			sourceTree = "<group>";
		};
/* End PBXVariantGroup section */

/* Begin XCBuildConfiguration section */
		9444289D18A1E0F80033E026 /* Debug */ = {
			isa = XCBuildConfiguration;
			buildSettings = {
				ALWAYS_SEARCH_USER_PATHS = NO;
				ARCHS = "$(ARCHS_STANDARD)";
				CLANG_CXX_LANGUAGE_STANDARD = "gnu++0x";
				CLANG_CXX_LIBRARY = "libc++";
				CLANG_ENABLE_MODULES = YES;
				CLANG_ENABLE_OBJC_ARC = YES;
				CLANG_WARN_BOOL_CONVERSION = YES;
				CLANG_WARN_CONSTANT_CONVERSION = YES;
				CLANG_WARN_DIRECT_OBJC_ISA_USAGE = YES_ERROR;
				CLANG_WARN_EMPTY_BODY = YES;
				CLANG_WARN_ENUM_CONVERSION = YES;
				CLANG_WARN_INT_CONVERSION = YES;
				CLANG_WARN_OBJC_ROOT_CLASS = YES_ERROR;
				CLANG_WARN__DUPLICATE_METHOD_MATCH = YES;
				"CODE_SIGN_IDENTITY[sdk=iphoneos*]" = "iPhone Developer";
				COPY_PHASE_STRIP = NO;
				GCC_C_LANGUAGE_STANDARD = gnu99;
				GCC_DYNAMIC_NO_PIC = NO;
				GCC_OPTIMIZATION_LEVEL = 0;
				GCC_PREPROCESSOR_DEFINITIONS = (
					"DEBUG=1",
					"$(inherited)",
				);
				GCC_SYMBOLS_PRIVATE_EXTERN = NO;
				GCC_WARN_64_TO_32_BIT_CONVERSION = YES;
				GCC_WARN_ABOUT_RETURN_TYPE = YES_ERROR;
				GCC_WARN_UNDECLARED_SELECTOR = YES;
				GCC_WARN_UNINITIALIZED_AUTOS = YES;
				GCC_WARN_UNUSED_FUNCTION = YES;
				GCC_WARN_UNUSED_VARIABLE = YES;
				IPHONEOS_DEPLOYMENT_TARGET = 7.0;
				ONLY_ACTIVE_ARCH = YES;
				SDKROOT = iphoneos;
				TARGETED_DEVICE_FAMILY = "1,2";
			};
			name = Debug;
		};
		9444289E18A1E0F80033E026 /* Release */ = {
			isa = XCBuildConfiguration;
			buildSettings = {
				ALWAYS_SEARCH_USER_PATHS = NO;
				ARCHS = "$(ARCHS_STANDARD)";
				CLANG_CXX_LANGUAGE_STANDARD = "gnu++0x";
				CLANG_CXX_LIBRARY = "libc++";
				CLANG_ENABLE_MODULES = YES;
				CLANG_ENABLE_OBJC_ARC = YES;
				CLANG_WARN_BOOL_CONVERSION = YES;
				CLANG_WARN_CONSTANT_CONVERSION = YES;
				CLANG_WARN_DIRECT_OBJC_ISA_USAGE = YES_ERROR;
				CLANG_WARN_EMPTY_BODY = YES;
				CLANG_WARN_ENUM_CONVERSION = YES;
				CLANG_WARN_INT_CONVERSION = YES;
				CLANG_WARN_OBJC_ROOT_CLASS = YES_ERROR;
				CLANG_WARN__DUPLICATE_METHOD_MATCH = YES;
				"CODE_SIGN_IDENTITY[sdk=iphoneos*]" = "iPhone Developer";
				COPY_PHASE_STRIP = YES;
				ENABLE_NS_ASSERTIONS = NO;
				GCC_C_LANGUAGE_STANDARD = gnu99;
				GCC_WARN_64_TO_32_BIT_CONVERSION = YES;
				GCC_WARN_ABOUT_RETURN_TYPE = YES_ERROR;
				GCC_WARN_UNDECLARED_SELECTOR = YES;
				GCC_WARN_UNINITIALIZED_AUTOS = YES;
				GCC_WARN_UNUSED_FUNCTION = YES;
				GCC_WARN_UNUSED_VARIABLE = YES;
				IPHONEOS_DEPLOYMENT_TARGET = 7.0;
				SDKROOT = iphoneos;
				TARGETED_DEVICE_FAMILY = "1,2";
				VALIDATE_PRODUCT = YES;
			};
			name = Release;
		};
		944428A018A1E0F80033E026 /* Debug */ = {
			isa = XCBuildConfiguration;
			buildSettings = {
				ASSETCATALOG_COMPILER_APPICON_NAME = AppIcon;
				ASSETCATALOG_COMPILER_LAUNCHIMAGE_NAME = LaunchImage;
				GCC_PRECOMPILE_PREFIX_HEADER = YES;
				GCC_PREFIX_HEADER = "Example/Example-Prefix.pch";
				INFOPLIST_FILE = "Example/Example-Info.plist";
				IPHONEOS_DEPLOYMENT_TARGET = 5.1;
				PRODUCT_NAME = "$(TARGET_NAME)";
				WRAPPER_EXTENSION = app;
			};
			name = Debug;
		};
		944428A118A1E0F80033E026 /* Release */ = {
			isa = XCBuildConfiguration;
			buildSettings = {
				ASSETCATALOG_COMPILER_APPICON_NAME = AppIcon;
				ASSETCATALOG_COMPILER_LAUNCHIMAGE_NAME = LaunchImage;
				GCC_PRECOMPILE_PREFIX_HEADER = YES;
				GCC_PREFIX_HEADER = "Example/Example-Prefix.pch";
				INFOPLIST_FILE = "Example/Example-Info.plist";
				IPHONEOS_DEPLOYMENT_TARGET = 5.1;
				PRODUCT_NAME = "$(TARGET_NAME)";
				WRAPPER_EXTENSION = app;
			};
			name = Release;
		};
		944428A318A1E0F80033E026 /* Debug */ = {
			isa = XCBuildConfiguration;
			buildSettings = {
				ARCHS = "$(ARCHS_STANDARD_INCLUDING_64_BIT)";
				BUNDLE_LOADER = "$(BUILT_PRODUCTS_DIR)/Example.app/Example";
				FRAMEWORK_SEARCH_PATHS = (
					"$(SDKROOT)/Developer/Library/Frameworks",
					"$(inherited)",
					"$(DEVELOPER_FRAMEWORKS_DIR)",
				);
				GCC_PRECOMPILE_PREFIX_HEADER = YES;
				GCC_PREFIX_HEADER = "Example/Example-Prefix.pch";
				GCC_PREPROCESSOR_DEFINITIONS = (
					"DEBUG=1",
					"$(inherited)",
				);
				INFOPLIST_FILE = "ExampleTests/ExampleTests-Info.plist";
				PRODUCT_NAME = "$(TARGET_NAME)";
				TEST_HOST = "$(BUNDLE_LOADER)";
				WRAPPER_EXTENSION = xctest;
			};
			name = Debug;
		};
		944428A418A1E0F80033E026 /* Release */ = {
			isa = XCBuildConfiguration;
			buildSettings = {
				ARCHS = "$(ARCHS_STANDARD_INCLUDING_64_BIT)";
				BUNDLE_LOADER = "$(BUILT_PRODUCTS_DIR)/Example.app/Example";
				FRAMEWORK_SEARCH_PATHS = (
					"$(SDKROOT)/Developer/Library/Frameworks",
					"$(inherited)",
					"$(DEVELOPER_FRAMEWORKS_DIR)",
				);
				GCC_PRECOMPILE_PREFIX_HEADER = YES;
				GCC_PREFIX_HEADER = "Example/Example-Prefix.pch";
				INFOPLIST_FILE = "ExampleTests/ExampleTests-Info.plist";
				PRODUCT_NAME = "$(TARGET_NAME)";
				TEST_HOST = "$(BUNDLE_LOADER)";
				WRAPPER_EXTENSION = xctest;
			};
			name = Release;
		};
/* End XCBuildConfiguration section */

/* Begin XCConfigurationList section */
		9444286518A1E0F80033E026 /* Build configuration list for PBXProject "Example" */ = {
			isa = XCConfigurationList;
			buildConfigurations = (
				9444289D18A1E0F80033E026 /* Debug */,
				9444289E18A1E0F80033E026 /* Release */,
			);
			defaultConfigurationIsVisible = 0;
			defaultConfigurationName = Release;
		};
		9444289F18A1E0F80033E026 /* Build configuration list for PBXNativeTarget "Example" */ = {
			isa = XCConfigurationList;
			buildConfigurations = (
				944428A018A1E0F80033E026 /* Debug */,
				944428A118A1E0F80033E026 /* Release */,
			);
			defaultConfigurationIsVisible = 0;
			defaultConfigurationName = Release;
		};
		944428A218A1E0F80033E026 /* Build configuration list for PBXNativeTarget "ExampleTests" */ = {
			isa = XCConfigurationList;
			buildConfigurations = (
				944428A318A1E0F80033E026 /* Debug */,
				944428A418A1E0F80033E026 /* Release */,
			);
			defaultConfigurationIsVisible = 0;
			defaultConfigurationName = Release;
		};
/* End XCConfigurationList section */
	};
	rootObject = 9444286218A1E0F80033E026 /* Project object */;
}
